
Microsoft Visual Studio Solution File, Format Version 12.00
# Visual Studio 14
VisualStudioVersion = 14.0.25420.1
MinimumVisualStudioVersion = 10.0.40219.1
Project("{FAE04EC0-301F-11D3-BF4B-00C04F79EFBC}") = "ComboBoxDB", "ComboBoxDB.csproj", "{CEBE4334-7CDA-48AC-9047-31CE5B1938F5}"
EndProject
Project("{FAE04EC0-301F-11D3-BF4B-00C04F79EFBC}") = "ComboBoxDBASPNetMVC", "..\ComboBoxDBASPNetMVC\ComboBoxDBASPNetMVC.csproj", "{FCCA203A-0FA0-4211-A9A0-4458946938BA}"
EndProject
Global
	GlobalSection(SolutionConfigurationPlatforms) = preSolution
		Debug|Any CPU = Debug|Any CPU
		Release|Any CPU = Release|Any CPU
	EndGlobalSection
	GlobalSection(ProjectConfigurationPlatforms) = postSolution
		{CEBE4334-7CDA-48AC-9047-31CE5B1938F5}.Debug|Any CPU.ActiveCfg = Debug|Any CPU
		{CEBE4334-7CDA-48AC-9047-31CE5B1938F5}.Debug|Any CPU.Build.0 = Debug|Any CPU
		{CEBE4334-7CDA-48AC-9047-31CE5B1938F5}.Release|Any CPU.ActiveCfg = Release|Any CPU
		{CEBE4334-7CDA-48AC-9047-31CE5B1938F5}.Release|Any CPU.Build.0 = Release|Any CPU
		{FCCA203A-0FA0-4211-A9A0-4458946938BA}.Debug|Any CPU.ActiveCfg = Debug|Any CPU
		{FCCA203A-0FA0-4211-A9A0-4458946938BA}.Debug|Any CPU.Build.0 = Debug|Any CPU
		{FCCA203A-0FA0-4211-A9A0-4458946938BA}.Release|Any CPU.ActiveCfg = Release|Any CPU
		{FCCA203A-0FA0-4211-A9A0-4458946938BA}.Release|Any CPU.Build.0 = Release|Any CPU
	EndGlobalSection
	GlobalSection(SolutionProperties) = preSolution
		HideSolutionNode = FALSE
	EndGlobalSection
EndGlobal
